
Microsoft Visual Studio Solution File, Format Version 12.00
# Visual Studio Version 17
VisualStudioVersion = 17.8.34601.278
MinimumVisualStudioVersion = 10.0.40219.1
Project("{FAE04EC0-301F-11D3-BF4B-00C04F79EFBC}") = "Генеалогическое древо", "Генеалогическое древо\Генеалогическое древо.csproj", "{C7F2FA97-CD74-44C9-8B4B-DD73AEDE32A5}"
EndProject
Global
	GlobalSection(SolutionConfigurationPlatforms) = preSolution
		Debug|Any CPU = Debug|Any CPU
		Release|Any CPU = Release|Any CPU
	EndGlobalSection
	GlobalSection(ProjectConfigurationPlatforms) = postSolution
		{C7F2FA97-CD74-44C9-8B4B-DD73AEDE32A5}.Debug|Any CPU.ActiveCfg = Debug|Any CPU
		{C7F2FA97-CD74-44C9-8B4B-DD73AEDE32A5}.Debug|Any CPU.Build.0 = Debug|Any CPU
		{C7F2FA97-CD74-44C9-8B4B-DD73AEDE32A5}.Release|Any CPU.ActiveCfg = Release|Any CPU
		{C7F2FA97-CD74-44C9-8B4B-DD73AEDE32A5}.Release|Any CPU.Build.0 = Release|Any CPU
	EndGlobalSection
	GlobalSection(SolutionProperties) = preSolution
		HideSolutionNode = FALSE
	EndGlobalSection
	GlobalSection(ExtensibilityGlobals) = postSolution
		SolutionGuid = {6736015A-6924-4B20-BB7B-522B8F9A5B47}
	EndGlobalSection
EndGlobal
